
Microsoft Visual Studio Solution File, Format Version 12.00
# Visual Studio Version 17
VisualStudioVersion = 17.13.35825.156 d17.13
MinimumVisualStudioVersion = 10.0.40219.1
Project("{FAE04EC0-301F-11D3-BF4B-00C04F79EFBC}") = "SumOfArray", "SumOfArray\SumOfArray.csproj", "{7E02D82F-B47B-4D1F-9188-49E75311D4CA}"
EndProject
Global
	GlobalSection(SolutionConfigurationPlatforms) = preSolution
		Debug|Any CPU = Debug|Any CPU
		Release|Any CPU = Release|Any CPU
	EndGlobalSection
	GlobalSection(ProjectConfigurationPlatforms) = postSolution
		{7E02D82F-B47B-4D1F-9188-49E75311D4CA}.Debug|Any CPU.ActiveCfg = Debug|Any CPU
		{7E02D82F-B47B-4D1F-9188-49E75311D4CA}.Debug|Any CPU.Build.0 = Debug|Any CPU
		{7E02D82F-B47B-4D1F-9188-49E75311D4CA}.Release|Any CPU.ActiveCfg = Release|Any CPU
		{7E02D82F-B47B-4D1F-9188-49E75311D4CA}.Release|Any CPU.Build.0 = Release|Any CPU
	EndGlobalSection
	GlobalSection(SolutionProperties) = preSolution
		HideSolutionNode = FALSE
	EndGlobalSection
	GlobalSection(ExtensibilityGlobals) = postSolution
		SolutionGuid = {6E6F656C-7818-4B7B-B086-1533E1A79E4A}
	EndGlobalSection
EndGlobal
